{
  "requires": true,
  "lockfileVersion": 1,
  "dependencies": {
    "domify": {
      "version": "1.0.0",
      "resolved": "https://registry.npmjs.org/domify/-/domify-1.0.0.tgz",
      "integrity": "sha1-m9BAEZo6VtvhL0BqAaO9G2n+pcM="
    },
    "extend": {
      "version": "3.0.2",
      "resolved": "https://registry.npmjs.org/extend/-/extend-3.0.2.tgz",
      "integrity": "sha512-fjquC59cD7CyW6urNXK0FBufkZcoiGG80wTuPujX590cB5Ttln20E2UB4S/WARVqhXffZl2LNgS+gQdPIIim/g=="
    },
    "format-text": {
      "version": "github:azer/format-text#3c54bd031a0f83fa6cd9d42e48d7f7894a49da7b",
      "from": "github:azer/format-text"
    },
    "load-script": {
      "version": "2.0.0",
      "resolved": "https://registry.npmjs.org/load-script/-/load-script-2.0.0.tgz",
      "integrity": "sha512-km6cyoPW4rM22JMGb+SHUKPMZVDpUaMpMAKrv8UHWllIxc/qjgMGHD91nY+5hM+/NFs310OZ2pqQeJKs7HqWPA=="
    },
    "new-element": {
      "version": "github:azer/new-element#2e2764fb029451301cc09f752f7f8c489fa04d6e",
      "from": "github:azer/new-element",
      "requires": {
        "domify": "~1.0.0",
        "format-text": "github:azer/format-text"
      }
    },
    "pubsub": {
      "version": "0.0.5",
      "resolved": "https://registry.npmjs.org/pubsub/-/pubsub-0.0.5.tgz",
      "integrity": "sha1-uAWOTb3H882Y2/VOqyUH5SKZNig="
    },
    "require-sdk": {
      "version": "github:azer/require-sdk#23ca5f4d73714bb79357597e1c789c729cee50d6",
      "from": "github:azer/require-sdk",
      "requires": {
        "load-script": "*",
        "pubsub": "0.0.5"
      }
    },
    "youtube-video": {
      "version": "2.2.0",
      "resolved": "https://registry.npmjs.org/youtube-video/-/youtube-video-2.2.0.tgz",
      "integrity": "sha1-Jrro6K+tVxX4B3oMm/JhfAgOEPs=",
      "requires": {
        "extend": "^3.0.0",
        "new-element": "github:azer/new-element",
        "require-sdk": "github:azer/require-sdk"
      }
    }
  }
}
